
Microsoft Visual Studio Solution File, Format Version 12.00
# Visual Studio 15
VisualStudioVersion = 15.0.27703.2047
MinimumVisualStudioVersion = 10.0.40219.1
Project("{9A19103F-16F7-4668-BE54-9A1E7A4F7556}") = "ApplicantsSystem.Web", "ApplicantsSystem.Web\ApplicantsSystem.Web.csproj", "{5981A895-A0CC-444A-8C18-A44FB55E138B}"
EndProject
Project("{9A19103F-16F7-4668-BE54-9A1E7A4F7556}") = "ApplicantsSystem.Data", "ApplicantsSystem.Data\ApplicantsSystem.Data.csproj", "{047EA3C7-1FCD-4A4C-A0A8-E7C28EF1C621}"
EndProject
Project("{9A19103F-16F7-4668-BE54-9A1E7A4F7556}") = "ApplicantsSystem.Models", "ApplicantsSystem.Models\ApplicantsSystem.Models.csproj", "{DF6945CF-53FD-4DC1-ABC4-D948B9353709}"
EndProject
Project("{9A19103F-16F7-4668-BE54-9A1E7A4F7556}") = "ApplicantsSystem.Common", "ApplicantsSystem.Common\ApplicantsSystem.Common.csproj", "{B49E232C-3042-44E7-A7D5-48B7A1A88242}"
EndProject
Project("{9A19103F-16F7-4668-BE54-9A1E7A4F7556}") = "ApplicantsSystem.Services", "ApplicantsSystem.Services\ApplicantsSystem.Services.csproj", "{92A60A10-D3F2-4C7E-98C0-091C5C29F0C1}"
EndProject
Project("{FAE04EC0-301F-11D3-BF4B-00C04F79EFBC}") = "ApplicantsSystem.Tests", "ApplicantsSystem.Tests\ApplicantsSystem.Tests.csproj", "{240AF6F8-940F-4489-BA5D-ED5EADE0D645}"
EndProject
Global
	GlobalSection(SolutionConfigurationPlatforms) = preSolution
		Debug|Any CPU = Debug|Any CPU
		Release|Any CPU = Release|Any CPU
	EndGlobalSection
	GlobalSection(ProjectConfigurationPlatforms) = postSolution
		{5981A895-A0CC-444A-8C18-A44FB55E138B}.Debug|Any CPU.ActiveCfg = Debug|Any CPU
		{5981A895-A0CC-444A-8C18-A44FB55E138B}.Debug|Any CPU.Build.0 = Debug|Any CPU
		{5981A895-A0CC-444A-8C18-A44FB55E138B}.Release|Any CPU.ActiveCfg = Release|Any CPU
		{5981A895-A0CC-444A-8C18-A44FB55E138B}.Release|Any CPU.Build.0 = Release|Any CPU
		{047EA3C7-1FCD-4A4C-A0A8-E7C28EF1C621}.Debug|Any CPU.ActiveCfg = Debug|Any CPU
		{047EA3C7-1FCD-4A4C-A0A8-E7C28EF1C621}.Debug|Any CPU.Build.0 = Debug|Any CPU
		{047EA3C7-1FCD-4A4C-A0A8-E7C28EF1C621}.Release|Any CPU.ActiveCfg = Release|Any CPU
		{047EA3C7-1FCD-4A4C-A0A8-E7C28EF1C621}.Release|Any CPU.Build.0 = Release|Any CPU
		{DF6945CF-53FD-4DC1-ABC4-D948B9353709}.Debug|Any CPU.ActiveCfg = Debug|Any CPU
		{DF6945CF-53FD-4DC1-ABC4-D948B9353709}.Debug|Any CPU.Build.0 = Debug|Any CPU
		{DF6945CF-53FD-4DC1-ABC4-D948B9353709}.Release|Any CPU.ActiveCfg = Release|Any CPU
		{DF6945CF-53FD-4DC1-ABC4-D948B9353709}.Release|Any CPU.Build.0 = Release|Any CPU
		{B49E232C-3042-44E7-A7D5-48B7A1A88242}.Debug|Any CPU.ActiveCfg = Debug|Any CPU
		{B49E232C-3042-44E7-A7D5-48B7A1A88242}.Debug|Any CPU.Build.0 = Debug|Any CPU
		{B49E232C-3042-44E7-A7D5-48B7A1A88242}.Release|Any CPU.ActiveCfg = Release|Any CPU
		{B49E232C-3042-44E7-A7D5-48B7A1A88242}.Release|Any CPU.Build.0 = Release|Any CPU
		{92A60A10-D3F2-4C7E-98C0-091C5C29F0C1}.Debug|Any CPU.ActiveCfg = Debug|Any CPU
		{92A60A10-D3F2-4C7E-98C0-091C5C29F0C1}.Debug|Any CPU.Build.0 = Debug|Any CPU
		{92A60A10-D3F2-4C7E-98C0-091C5C29F0C1}.Release|Any CPU.ActiveCfg = Release|Any CPU
		{92A60A10-D3F2-4C7E-98C0-091C5C29F0C1}.Release|Any CPU.Build.0 = Release|Any CPU
		{240AF6F8-940F-4489-BA5D-ED5EADE0D645}.Debug|Any CPU.ActiveCfg = Debug|Any CPU
		{240AF6F8-940F-4489-BA5D-ED5EADE0D645}.Debug|Any CPU.Build.0 = Debug|Any CPU
		{240AF6F8-940F-4489-BA5D-ED5EADE0D645}.Release|Any CPU.ActiveCfg = Release|Any CPU
		{240AF6F8-940F-4489-BA5D-ED5EADE0D645}.Release|Any CPU.Build.0 = Release|Any CPU
	EndGlobalSection
	GlobalSection(SolutionProperties) = preSolution
		HideSolutionNode = FALSE
	EndGlobalSection
	GlobalSection(ExtensibilityGlobals) = postSolution
		SolutionGuid = {B4BE5961-87A8-4770-99DC-69D5AE337887}
	EndGlobalSection
EndGlobal
